{
  "name": "minerController",
  "lockfileVersion": 2,
  "requires": true,
  "packages": {
    "": {
      "dependencies": {
        "influx": "^5.9.2",
        "node-abort-controller": "^2.0.0",
        "node-fetch": "^2.6.1",
        "nodeplotlib": "^0.7.5"
      }
    },
    "node_modules/@types/d3": {
      "version": "3.5.45",
      "resolved": "https://adhara.jfrog.io/artifactory/api/npm/npm/@types/d3/-/d3-3.5.45.tgz",
      "integrity": "sha1-zOsc2PRosO0cllRt3v/zQI10Y6c=",
      "license": "MIT"
    },
    "node_modules/@types/plotly.js": {
      "version": "1.54.13",
      "resolved": "https://adhara.jfrog.io/artifactory/api/npm/npm/@types/plotly.js/-/plotly.js-1.54.13.tgz",
      "integrity": "sha1-3ngfF0LSYXuXWbA67g4hVNBfwI0=",
      "license": "MIT",
      "dependencies": {
        "@types/d3": "^3"
      }
    },
    "node_modules/influx": {
      "version": "5.9.2",
      "resolved": "https://adhara.jfrog.io/artifactory/api/npm/npm/influx/-/influx-5.9.2.tgz",
      "integrity": "sha1-EHEfdXMFix8HUsV/jyqxPbq5eIo=",
      "license": "MIT"
    },
    "node_modules/node-abort-controller": {
      "version": "2.0.0",
      "resolved": "https://adhara.jfrog.io/artifactory/api/npm/npm/node-abort-controller/-/node-abort-controller-2.0.0.tgz",
      "integrity": "sha1-gA4NJQ07l3F15I3090wtOWAHank=",
      "license": "MIT"
    },
    "node_modules/node-fetch": {
      "version": "2.6.1",
      "resolved": "https://adhara.jfrog.io/artifactory/api/npm/npm/node-fetch/-/node-fetch-2.6.1.tgz",
      "integrity": "sha1-BFvTI2Mfdu0uK1VXM5RBa2OaAFI=",
      "license": "MIT",
      "engines": {
        "node": "4.x || >=6.0.0"
      }
    },
    "node_modules/nodeplotlib": {
      "version": "0.7.5",
      "resolved": "https://adhara.jfrog.io/artifactory/api/npm/npm/nodeplotlib/-/nodeplotlib-0.7.5.tgz",
      "integrity": "sha1-aTLgyKu7jaP1y2Xb5UgZlZnY7Sg=",
      "license": "MIT",
      "dependencies": {
        "@types/plotly.js": "^1.54.10"
      }
    }
  },
  "dependencies": {
    "@types/d3": {
      "version": "3.5.45",
      "resolved": "https://adhara.jfrog.io/artifactory/api/npm/npm/@types/d3/-/d3-3.5.45.tgz",
      "integrity": "sha1-zOsc2PRosO0cllRt3v/zQI10Y6c="
    },
    "@types/plotly.js": {
      "version": "1.54.13",
      "resolved": "https://adhara.jfrog.io/artifactory/api/npm/npm/@types/plotly.js/-/plotly.js-1.54.13.tgz",
      "integrity": "sha1-3ngfF0LSYXuXWbA67g4hVNBfwI0=",
      "requires": {
        "@types/d3": "^3"
      }
    },
    "influx": {
      "version": "5.9.2",
      "resolved": "https://adhara.jfrog.io/artifactory/api/npm/npm/influx/-/influx-5.9.2.tgz",
      "integrity": "sha1-EHEfdXMFix8HUsV/jyqxPbq5eIo="
    },
    "node-abort-controller": {
      "version": "2.0.0",
      "resolved": "https://adhara.jfrog.io/artifactory/api/npm/npm/node-abort-controller/-/node-abort-controller-2.0.0.tgz",
      "integrity": "sha1-gA4NJQ07l3F15I3090wtOWAHank="
    },
    "node-fetch": {
      "version": "2.6.1",
      "resolved": "https://adhara.jfrog.io/artifactory/api/npm/npm/node-fetch/-/node-fetch-2.6.1.tgz",
      "integrity": "sha1-BFvTI2Mfdu0uK1VXM5RBa2OaAFI="
    },
    "nodeplotlib": {
      "version": "0.7.5",
      "resolved": "https://adhara.jfrog.io/artifactory/api/npm/npm/nodeplotlib/-/nodeplotlib-0.7.5.tgz",
      "integrity": "sha1-aTLgyKu7jaP1y2Xb5UgZlZnY7Sg=",
      "requires": {
        "@types/plotly.js": "^1.54.10"
      }
    }
  }
}
